
Microsoft Visual Studio Solution File, Format Version 12.00
# Visual Studio 15
VisualStudioVersion = 15.0.28307.421
MinimumVisualStudioVersion = 10.0.40219.1
Project("{FAE04EC0-301F-11D3-BF4B-00C04F79EFBC}") = "WpfWebClientUndLinq", "WpfWebClientUndLinq\WpfWebClientUndLinq.csproj", "{3329E763-2649-4EDF-BB4B-8FDFABB455FD}"
EndProject
Global
	GlobalSection(SolutionConfigurationPlatforms) = preSolution
		Debug|Any CPU = Debug|Any CPU
		Release|Any CPU = Release|Any CPU
	EndGlobalSection
	GlobalSection(ProjectConfigurationPlatforms) = postSolution
		{3329E763-2649-4EDF-BB4B-8FDFABB455FD}.Debug|Any CPU.ActiveCfg = Debug|Any CPU
		{3329E763-2649-4EDF-BB4B-8FDFABB455FD}.Debug|Any CPU.Build.0 = Debug|Any CPU
		{3329E763-2649-4EDF-BB4B-8FDFABB455FD}.Release|Any CPU.ActiveCfg = Release|Any CPU
		{3329E763-2649-4EDF-BB4B-8FDFABB455FD}.Release|Any CPU.Build.0 = Release|Any CPU
	EndGlobalSection
	GlobalSection(SolutionProperties) = preSolution
		HideSolutionNode = FALSE
	EndGlobalSection
	GlobalSection(ExtensibilityGlobals) = postSolution
		SolutionGuid = {FD1DBDBF-CE29-4810-BCD3-474909F09DE9}
	EndGlobalSection
EndGlobal
